// !$*UTF8*$!
{
	archiveVersion = 1;
	classes = {
	};
	objectVersion = 46;
	objects = {

/* Begin PBXBuildFile section */
		0A93A78AD2B48205EED5863B /* libPods.a in Frameworks */ = {isa = PBXBuildFile; fileRef = 75A6E3802B49588F5660BED0 /* libPods.a */; };
		1402B69A1B14BF350069E3A4 /* UserTableViewCell.m in Sources */ = {isa = PBXBuildFile; fileRef = 1402B6991B14BF350069E3A4 /* UserTableViewCell.m */; };
		1402B69D1B14BFBA0069E3A4 /* CornerView.m in Sources */ = {isa = PBXBuildFile; fileRef = 1402B69C1B14BFBA0069E3A4 /* CornerView.m */; };
		1402B6A81B14C7340069E3A4 /* LoginTableViewController.m in Sources */ = {isa = PBXBuildFile; fileRef = 1402B6A71B14C7340069E3A4 /* LoginTableViewController.m */; };
		143181791B1882EC001A933D /* NewDialogTableViewController.m in Sources */ = {isa = PBXBuildFile; fileRef = 143181781B1882EC001A933D /* NewDialogTableViewController.m */; };
		1480E08F1B25DB6600DD6B7C /* DialogTableViewCell.m in Sources */ = {isa = PBXBuildFile; fileRef = 1480E08E1B25DB6600DD6B7C /* DialogTableViewCell.m */; };
		1485D5FD1B25E60A00D26B2A /* EditDialogTableViewController.m in Sources */ = {isa = PBXBuildFile; fileRef = 1485D5FC1B25E60A00D26B2A /* EditDialogTableViewController.m */; };
		14B088D91CA2D9700035E29D /* ReplaceSegue.m in Sources */ = {isa = PBXBuildFile; fileRef = 14B088D81CA2D9700035E29D /* ReplaceSegue.m */; };
		2CC758A51B0F0EB300999187 /* (null) in Sources */ = {isa = PBXBuildFile; };
		425839F51D152E9F002E3B8E /* Resouces in Resources */ = {isa = PBXBuildFile; fileRef = 425839F41D152E9F002E3B8E /* Resouces */; };
		425839FC1D17120E002E3B8E /* SelectGenderViewController.m in Sources */ = {isa = PBXBuildFile; fileRef = 425839FB1D17120E002E3B8E /* SelectGenderViewController.m */; };
		425839FF1D171EFF002E3B8E /* QMOnlineTitleView.m in Sources */ = {isa = PBXBuildFile; fileRef = 425839FE1D171EFF002E3B8E /* QMOnlineTitleView.m */; };
		42583AD71D179828002E3B8E /* LICENSE in Resources */ = {isa = PBXBuildFile; fileRef = 42583A781D179828002E3B8E /* LICENSE */; };
		42583AD81D179828002E3B8E /* NSString+QM.m in Sources */ = {isa = PBXBuildFile; fileRef = 42583A7C1D179828002E3B8E /* NSString+QM.m */; };
		42583AD91D179828002E3B8E /* UIColor+QM.m in Sources */ = {isa = PBXBuildFile; fileRef = 42583A7E1D179828002E3B8E /* UIColor+QM.m */; };
		42583ADA1D179828002E3B8E /* UIImage+Cropper.m in Sources */ = {isa = PBXBuildFile; fileRef = 42583A801D179828002E3B8E /* UIImage+Cropper.m */; };
		42583ADB1D179828002E3B8E /* UIImage+QM.m in Sources */ = {isa = PBXBuildFile; fileRef = 42583A821D179828002E3B8E /* UIImage+QM.m */; };
		42583ADC1D179828002E3B8E /* UIView+QM.m in Sources */ = {isa = PBXBuildFile; fileRef = 42583A841D179828002E3B8E /* UIView+QM.m */; };
		42583ADD1D179828002E3B8E /* ChatAssets.xcassets in Resources */ = {isa = PBXBuildFile; fileRef = 42583A851D179828002E3B8E /* ChatAssets.xcassets */; };
		42583ADE1D179828002E3B8E /* QMChatViewController.xib in Resources */ = {isa = PBXBuildFile; fileRef = 42583A861D179828002E3B8E /* QMChatViewController.xib */; };
		42583ADF1D179828002E3B8E /* QMKeyboardController.m in Sources */ = {isa = PBXBuildFile; fileRef = 42583A8A1D179828002E3B8E /* QMKeyboardController.m */; };
		42583AE01D179828002E3B8E /* QMChatSection.m in Sources */ = {isa = PBXBuildFile; fileRef = 42583A901D179828002E3B8E /* QMChatSection.m */; };
		42583AE11D179828002E3B8E /* QMChatSectionManager.m in Sources */ = {isa = PBXBuildFile; fileRef = 42583A921D179828002E3B8E /* QMChatSectionManager.m */; };
		42583AE21D179828002E3B8E /* QMChatViewController.m in Sources */ = {isa = PBXBuildFile; fileRef = 42583A941D179828002E3B8E /* QMChatViewController.m */; };
		42583AE31D179828002E3B8E /* QMDateUtils.m in Sources */ = {isa = PBXBuildFile; fileRef = 42583A981D179828002E3B8E /* QMDateUtils.m */; };
		42583AE41D179828002E3B8E /* QMChatAttachmentIncomingCell.m in Sources */ = {isa = PBXBuildFile; fileRef = 42583A9F1D179828002E3B8E /* QMChatAttachmentIncomingCell.m */; };
		42583AE51D179828002E3B8E /* QMChatAttachmentIncomingCell.xib in Resources */ = {isa = PBXBuildFile; fileRef = 42583AA01D179828002E3B8E /* QMChatAttachmentIncomingCell.xib */; };
		42583AE61D179828002E3B8E /* QMChatAttachmentOutgoingCell.m in Sources */ = {isa = PBXBuildFile; fileRef = 42583AA31D179828002E3B8E /* QMChatAttachmentOutgoingCell.m */; };
		42583AE71D179828002E3B8E /* QMChatAttachmentOutgoingCell.xib in Resources */ = {isa = PBXBuildFile; fileRef = 42583AA41D179828002E3B8E /* QMChatAttachmentOutgoingCell.xib */; };
		42583AE81D179828002E3B8E /* QMChatCell.m in Sources */ = {isa = PBXBuildFile; fileRef = 42583AA71D179828002E3B8E /* QMChatCell.m */; };
		42583AE91D179828002E3B8E /* QMChatContactRequestCell.m in Sources */ = {isa = PBXBuildFile; fileRef = 42583AAA1D179828002E3B8E /* QMChatContactRequestCell.m */; };
		42583AEA1D179828002E3B8E /* QMChatContactRequestCell.xib in Resources */ = {isa = PBXBuildFile; fileRef = 42583AAB1D179828002E3B8E /* QMChatContactRequestCell.xib */; };
		42583AEB1D179828002E3B8E /* QMChatIncomingCell.m in Sources */ = {isa = PBXBuildFile; fileRef = 42583AAE1D179828002E3B8E /* QMChatIncomingCell.m */; };
		42583AEC1D179828002E3B8E /* QMChatIncomingCell.xib in Resources */ = {isa = PBXBuildFile; fileRef = 42583AAF1D179828002E3B8E /* QMChatIncomingCell.xib */; };
		42583AED1D179828002E3B8E /* QMChatNotificationCell.m in Sources */ = {isa = PBXBuildFile; fileRef = 42583AB21D179828002E3B8E /* QMChatNotificationCell.m */; };
		42583AEE1D179828002E3B8E /* QMChatNotificationCell.xib in Resources */ = {isa = PBXBuildFile; fileRef = 42583AB31D179828002E3B8E /* QMChatNotificationCell.xib */; };
		42583AEF1D179828002E3B8E /* QMChatOutgoingCell.m in Sources */ = {isa = PBXBuildFile; fileRef = 42583AB61D179828002E3B8E /* QMChatOutgoingCell.m */; };
		42583AF01D179828002E3B8E /* QMChatOutgoingCell.xib in Resources */ = {isa = PBXBuildFile; fileRef = 42583AB71D179828002E3B8E /* QMChatOutgoingCell.xib */; };
		42583AF11D179828002E3B8E /* QMChatCellLayoutAttributes.m in Sources */ = {isa = PBXBuildFile; fileRef = 42583ABB1D179828002E3B8E /* QMChatCellLayoutAttributes.m */; };
		42583AF21D179828002E3B8E /* QMChatCollectionViewFlowLayout.m in Sources */ = {isa = PBXBuildFile; fileRef = 42583ABD1D179828002E3B8E /* QMChatCollectionViewFlowLayout.m */; };
		42583AF31D179828002E3B8E /* QMCollectionViewFlowLayoutInvalidationContext.m in Sources */ = {isa = PBXBuildFile; fileRef = 42583ABF1D179828002E3B8E /* QMCollectionViewFlowLayoutInvalidationContext.m */; };
		42583AF41D179828002E3B8E /* QMChatCollectionView.m in Sources */ = {isa = PBXBuildFile; fileRef = 42583AC11D179828002E3B8E /* QMChatCollectionView.m */; };
		42583AF51D179828002E3B8E /* QMInputToolbar.m in Sources */ = {isa = PBXBuildFile; fileRef = 42583AC51D179828002E3B8E /* QMInputToolbar.m */; };
		42583AF61D179828002E3B8E /* QMToolbarContentView.m in Sources */ = {isa = PBXBuildFile; fileRef = 42583AC71D179828002E3B8E /* QMToolbarContentView.m */; };
		42583AF71D179828002E3B8E /* QMToolbarContentView.xib in Resources */ = {isa = PBXBuildFile; fileRef = 42583AC81D179828002E3B8E /* QMToolbarContentView.xib */; };
		42583AF81D179828002E3B8E /* QMPlaceHolderTextView.m in Sources */ = {isa = PBXBuildFile; fileRef = 42583ACB1D179828002E3B8E /* QMPlaceHolderTextView.m */; };
		42583AF91D179828002E3B8E /* QMHeaderCollectionReusableView.m in Sources */ = {isa = PBXBuildFile; fileRef = 42583ACE1D179828002E3B8E /* QMHeaderCollectionReusableView.m */; };
		42583AFA1D179828002E3B8E /* QMHeaderCollectionReusableView.xib in Resources */ = {isa = PBXBuildFile; fileRef = 42583ACF1D179828002E3B8E /* QMHeaderCollectionReusableView.xib */; };
		42583AFB1D179828002E3B8E /* QMImageView.m in Sources */ = {isa = PBXBuildFile; fileRef = 42583AD21D179828002E3B8E /* QMImageView.m */; };
		42583AFC1D179828002E3B8E /* QMChatContainerView.m in Sources */ = {isa = PBXBuildFile; fileRef = 42583AD51D179828002E3B8E /* QMChatContainerView.m */; };
		42583AFD1D179828002E3B8E /* README.md in Sources */ = {isa = PBXBuildFile; fileRef = 42583AD61D179828002E3B8E /* README.md */; };
		4272103F1D23B98500E49442 /* FindingUserViewController.m in Sources */ = {isa = PBXBuildFile; fileRef = 4272103E1D23B98500E49442 /* FindingUserViewController.m */; };
		86104A1E1B0B5E1900464D52 /* ServicesManager.m in Sources */ = {isa = PBXBuildFile; fileRef = 86104A1D1B0B5E1900464D52 /* ServicesManager.m */; };
		8614B8DD1B8205D400DBB753 /* UsersDataSource.m in Sources */ = {isa = PBXBuildFile; fileRef = 8614B8DC1B8205D400DBB753 /* UsersDataSource.m */; };
		8614B8E41B82060000DBB753 /* UIAlertDialog.m in Sources */ = {isa = PBXBuildFile; fileRef = 8614B8E11B82060000DBB753 /* UIAlertDialog.m */; };
		8614B8E51B82060000DBB753 /* UIImage+fixOrientation.m in Sources */ = {isa = PBXBuildFile; fileRef = 8614B8E31B82060000DBB753 /* UIImage+fixOrientation.m */; };
		86401C0D1B428CEA00D45A05 /* MessageStatusStringBuilder.m in Sources */ = {isa = PBXBuildFile; fileRef = 86401C0C1B428CEA00D45A05 /* MessageStatusStringBuilder.m */; };
		86872E831BAF55A300BE9F23 /* NotificationService.m in Sources */ = {isa = PBXBuildFile; fileRef = 86872E821BAF55A300BE9F23 /* NotificationService.m */; };
		86A716641B9EF0440019C42A /* LaunchScreen.xib in Resources */ = {isa = PBXBuildFile; fileRef = 86A716621B9EF0440019C42A /* LaunchScreen.xib */; };
		86A716671B9EF0820019C42A /* InfoPlist.strings in Resources */ = {isa = PBXBuildFile; fileRef = 86A716651B9EF0820019C42A /* InfoPlist.strings */; };
		86EE31B31B26EB6700B8A383 /* ChatViewController.m in Sources */ = {isa = PBXBuildFile; fileRef = 86EE31B21B26EB6700B8A383 /* ChatViewController.m */; };
		86EE31B71B270B7F00B8A383 /* DialogInfoTableViewController.m in Sources */ = {isa = PBXBuildFile; fileRef = 86EE31B61B270B7F00B8A383 /* DialogInfoTableViewController.m */; };
		BFBD3C941832CF30009D090B /* sound.mp3 in Resources */ = {isa = PBXBuildFile; fileRef = BFBD3C931832CF30009D090B /* sound.mp3 */; };
		BFE6FB76180E8EF100E64AC4 /* Foundation.framework in Frameworks */ = {isa = PBXBuildFile; fileRef = BFE6FB75180E8EF100E64AC4 /* Foundation.framework */; };
		BFE6FB78180E8EF100E64AC4 /* CoreGraphics.framework in Frameworks */ = {isa = PBXBuildFile; fileRef = BFE6FB77180E8EF100E64AC4 /* CoreGraphics.framework */; };
		BFE6FB7A180E8EF100E64AC4 /* UIKit.framework in Frameworks */ = {isa = PBXBuildFile; fileRef = BFE6FB79180E8EF100E64AC4 /* UIKit.framework */; };
		BFE6FB82180E8EF100E64AC4 /* main.m in Sources */ = {isa = PBXBuildFile; fileRef = BFE6FB81180E8EF100E64AC4 /* main.m */; };
		BFE6FB86180E8EF100E64AC4 /* AppDelegate.m in Sources */ = {isa = PBXBuildFile; fileRef = BFE6FB85180E8EF100E64AC4 /* AppDelegate.m */; };
		BFE6FB89180E8EF100E64AC4 /* Main.storyboard in Resources */ = {isa = PBXBuildFile; fileRef = BFE6FB87180E8EF100E64AC4 /* Main.storyboard */; };
		BFE6FB91180E8EF100E64AC4 /* Images.xcassets in Resources */ = {isa = PBXBuildFile; fileRef = BFE6FB90180E8EF100E64AC4 /* Images.xcassets */; };
		BFE6FBB0180E9E5300E64AC4 /* CFNetwork.framework in Frameworks */ = {isa = PBXBuildFile; fileRef = BFE6FBAF180E9E5300E64AC4 /* CFNetwork.framework */; };
		BFE6FBB2180E9E5E00E64AC4 /* SystemConfiguration.framework in Frameworks */ = {isa = PBXBuildFile; fileRef = BFE6FBB1180E9E5E00E64AC4 /* SystemConfiguration.framework */; };
		BFE6FBB4180E9E6800E64AC4 /* MobileCoreServices.framework in Frameworks */ = {isa = PBXBuildFile; fileRef = BFE6FBB3180E9E6800E64AC4 /* MobileCoreServices.framework */; };
		BFE6FBB6180E9E7400E64AC4 /* CoreData.framework in Frameworks */ = {isa = PBXBuildFile; fileRef = BFE6FBB5180E9E7400E64AC4 /* CoreData.framework */; };
		BFE6FBB8180E9E7800E64AC4 /* CoreLocation.framework in Frameworks */ = {isa = PBXBuildFile; fileRef = BFE6FBB7180E9E7800E64AC4 /* CoreLocation.framework */; };
		BFE6FBBA180E9E7E00E64AC4 /* AudioToolbox.framework in Frameworks */ = {isa = PBXBuildFile; fileRef = BFE6FBB9180E9E7E00E64AC4 /* AudioToolbox.framework */; };
		BFE6FBBC180E9E8500E64AC4 /* CoreMedia.framework in Frameworks */ = {isa = PBXBuildFile; fileRef = BFE6FBBB180E9E8500E64AC4 /* CoreMedia.framework */; };
		BFE6FBBE180E9E8B00E64AC4 /* Accelerate.framework in Frameworks */ = {isa = PBXBuildFile; fileRef = BFE6FBBD180E9E8A00E64AC4 /* Accelerate.framework */; };
		BFE6FBC0180E9E9000E64AC4 /* CoreVideo.framework in Frameworks */ = {isa = PBXBuildFile; fileRef = BFE6FBBF180E9E9000E64AC4 /* CoreVideo.framework */; };
		BFE6FBC2180E9E9600E64AC4 /* AVFoundation.framework in Frameworks */ = {isa = PBXBuildFile; fileRef = BFE6FBC1180E9E9600E64AC4 /* AVFoundation.framework */; };
		BFE6FBCE180EA2F300E64AC4 /* DialogsViewController.m in Sources */ = {isa = PBXBuildFile; fileRef = BFE6FBCB180EA2F300E64AC4 /* DialogsViewController.m */; };
		E03A2B631CEA096E0081660F /* QMMessageNotification.m in Sources */ = {isa = PBXBuildFile; fileRef = E03A2B601CEA096E0081660F /* QMMessageNotification.m */; };
		E03A2B641CEA096E0081660F /* QMMessageNotificationManager.m in Sources */ = {isa = PBXBuildFile; fileRef = E03A2B621CEA096E0081660F /* QMMessageNotificationManager.m */; };
		E0A42AD51CF71211002E1683 /* MPGNotification.m in Sources */ = {isa = PBXBuildFile; fileRef = E0A42AD41CF71211002E1683 /* MPGNotification.m */; };
/* End PBXBuildFile section */

/* Begin PBXFileReference section */
		0117B3944C08CC6123CE1549 /* Pods.qa.xcconfig */ = {isa = PBXFileReference; includeInIndex = 1; lastKnownFileType = text.xcconfig; name = Pods.qa.xcconfig; path = "Pods/Target Support Files/Pods/Pods.qa.xcconfig"; sourceTree = "<group>"; };
		1402B6981B14BF350069E3A4 /* UserTableViewCell.h */ = {isa = PBXFileReference; fileEncoding = 4; lastKnownFileType = sourcecode.c.h; path = UserTableViewCell.h; sourceTree = "<group>"; };
		1402B6991B14BF350069E3A4 /* UserTableViewCell.m */ = {isa = PBXFileReference; fileEncoding = 4; lastKnownFileType = sourcecode.c.objc; path = UserTableViewCell.m; sourceTree = "<group>"; };
		1402B69B1B14BFBA0069E3A4 /* CornerView.h */ = {isa = PBXFileReference; fileEncoding = 4; lastKnownFileType = sourcecode.c.h; path = CornerView.h; sourceTree = "<group>"; };
		1402B69C1B14BFBA0069E3A4 /* CornerView.m */ = {isa = PBXFileReference; fileEncoding = 4; lastKnownFileType = sourcecode.c.objc; path = CornerView.m; sourceTree = "<group>"; };
		1402B6A61B14C7340069E3A4 /* LoginTableViewController.h */ = {isa = PBXFileReference; fileEncoding = 4; lastKnownFileType = sourcecode.c.h; path = LoginTableViewController.h; sourceTree = "<group>"; };
		1402B6A71B14C7340069E3A4 /* LoginTableViewController.m */ = {isa = PBXFileReference; fileEncoding = 4; lastKnownFileType = sourcecode.c.objc; path = LoginTableViewController.m; sourceTree = "<group>"; };
		143181731B18714B001A933D /* Constants.h */ = {isa = PBXFileReference; lastKnownFileType = sourcecode.c.h; path = Constants.h; sourceTree = "<group>"; };
		143181771B1882EC001A933D /* NewDialogTableViewController.h */ = {isa = PBXFileReference; fileEncoding = 4; lastKnownFileType = sourcecode.c.h; path = NewDialogTableViewController.h; sourceTree = "<group>"; };
		143181781B1882EC001A933D /* NewDialogTableViewController.m */ = {isa = PBXFileReference; fileEncoding = 4; lastKnownFileType = sourcecode.c.objc; path = NewDialogTableViewController.m; sourceTree = "<group>"; };
		1480E08D1B25DB6600DD6B7C /* DialogTableViewCell.h */ = {isa = PBXFileReference; fileEncoding = 4; lastKnownFileType = sourcecode.c.h; path = DialogTableViewCell.h; sourceTree = "<group>"; };
		1480E08E1B25DB6600DD6B7C /* DialogTableViewCell.m */ = {isa = PBXFileReference; fileEncoding = 4; lastKnownFileType = sourcecode.c.objc; path = DialogTableViewCell.m; sourceTree = "<group>"; };
		1485D5FB1B25E60A00D26B2A /* EditDialogTableViewController.h */ = {isa = PBXFileReference; fileEncoding = 4; lastKnownFileType = sourcecode.c.h; path = EditDialogTableViewController.h; sourceTree = "<group>"; };
		1485D5FC1B25E60A00D26B2A /* EditDialogTableViewController.m */ = {isa = PBXFileReference; fileEncoding = 4; lastKnownFileType = sourcecode.c.objc; path = EditDialogTableViewController.m; sourceTree = "<group>"; };
		14B088D71CA2D9700035E29D /* ReplaceSegue.h */ = {isa = PBXFileReference; fileEncoding = 4; lastKnownFileType = sourcecode.c.h; name = ReplaceSegue.h; path = ReplaceSegue/ReplaceSegue.h; sourceTree = "<group>"; };
		14B088D81CA2D9700035E29D /* ReplaceSegue.m */ = {isa = PBXFileReference; fileEncoding = 4; lastKnownFileType = sourcecode.c.objc; name = ReplaceSegue.m; path = ReplaceSegue/ReplaceSegue.m; sourceTree = "<group>"; };
		425839F41D152E9F002E3B8E /* Resouces */ = {isa = PBXFileReference; lastKnownFileType = folder; path = Resouces; sourceTree = "<group>"; };
		425839FA1D17120E002E3B8E /* SelectGenderViewController.h */ = {isa = PBXFileReference; fileEncoding = 4; lastKnownFileType = sourcecode.c.h; path = SelectGenderViewController.h; sourceTree = "<group>"; };
		425839FB1D17120E002E3B8E /* SelectGenderViewController.m */ = {isa = PBXFileReference; fileEncoding = 4; lastKnownFileType = sourcecode.c.objc; path = SelectGenderViewController.m; sourceTree = "<group>"; };
		425839FD1D171EFF002E3B8E /* QMOnlineTitleView.h */ = {isa = PBXFileReference; fileEncoding = 4; lastKnownFileType = sourcecode.c.h; path = QMOnlineTitleView.h; sourceTree = "<group>"; };
		425839FE1D171EFF002E3B8E /* QMOnlineTitleView.m */ = {isa = PBXFileReference; fileEncoding = 4; lastKnownFileType = sourcecode.c.objc; path = QMOnlineTitleView.m; sourceTree = "<group>"; };
		42583A781D179828002E3B8E /* LICENSE */ = {isa = PBXFileReference; fileEncoding = 4; lastKnownFileType = text; path = LICENSE; sourceTree = "<group>"; };
		42583A7B1D179828002E3B8E /* NSString+QM.h */ = {isa = PBXFileReference; fileEncoding = 4; lastKnownFileType = sourcecode.c.h; path = "NSString+QM.h"; sourceTree = "<group>"; };
		42583A7C1D179828002E3B8E /* NSString+QM.m */ = {isa = PBXFileReference; fileEncoding = 4; lastKnownFileType = sourcecode.c.objc; path = "NSString+QM.m"; sourceTree = "<group>"; };
		42583A7D1D179828002E3B8E /* UIColor+QM.h */ = {isa = PBXFileReference; fileEncoding = 4; lastKnownFileType = sourcecode.c.h; path = "UIColor+QM.h"; sourceTree = "<group>"; };
		42583A7E1D179828002E3B8E /* UIColor+QM.m */ = {isa = PBXFileReference; fileEncoding = 4; lastKnownFileType = sourcecode.c.objc; path = "UIColor+QM.m"; sourceTree = "<group>"; };
		42583A7F1D179828002E3B8E /* UIImage+Cropper.h */ = {isa = PBXFileReference; fileEncoding = 4; lastKnownFileType = sourcecode.c.h; path = "UIImage+Cropper.h"; sourceTree = "<group>"; };
		42583A801D179828002E3B8E /* UIImage+Cropper.m */ = {isa = PBXFileReference; fileEncoding = 4; lastKnownFileType = sourcecode.c.objc; path = "UIImage+Cropper.m"; sourceTree = "<group>"; };
		42583A811D179828002E3B8E /* UIImage+QM.h */ = {isa = PBXFileReference; fileEncoding = 4; lastKnownFileType = sourcecode.c.h; path = "UIImage+QM.h"; sourceTree = "<group>"; };
		42583A821D179828002E3B8E /* UIImage+QM.m */ = {isa = PBXFileReference; fileEncoding = 4; lastKnownFileType = sourcecode.c.objc; path = "UIImage+QM.m"; sourceTree = "<group>"; };
		42583A831D179828002E3B8E /* UIView+QM.h */ = {isa = PBXFileReference; fileEncoding = 4; lastKnownFileType = sourcecode.c.h; path = "UIView+QM.h"; sourceTree = "<group>"; };
		42583A841D179828002E3B8E /* UIView+QM.m */ = {isa = PBXFileReference; fileEncoding = 4; lastKnownFileType = sourcecode.c.objc; path = "UIView+QM.m"; sourceTree = "<group>"; };
		42583A851D179828002E3B8E /* ChatAssets.xcassets */ = {isa = PBXFileReference; lastKnownFileType = folder.assetcatalog; path = ChatAssets.xcassets; sourceTree = "<group>"; };
		42583A871D179828002E3B8E /* en */ = {isa = PBXFileReference; lastKnownFileType = file.xib; name = en; path = en.lproj/QMChatViewController.xib; sourceTree = "<group>"; };
		42583A891D179828002E3B8E /* QMKeyboardController.h */ = {isa = PBXFileReference; fileEncoding = 4; lastKnownFileType = sourcecode.c.h; path = QMKeyboardController.h; sourceTree = "<group>"; };
		42583A8A1D179828002E3B8E /* QMKeyboardController.m */ = {isa = PBXFileReference; fileEncoding = 4; lastKnownFileType = sourcecode.c.objc; path = QMKeyboardController.m; sourceTree = "<group>"; };
		42583A8C1D179828002E3B8E /* QMChatCollectionViewDataSource.h */ = {isa = PBXFileReference; fileEncoding = 4; lastKnownFileType = sourcecode.c.h; path = QMChatCollectionViewDataSource.h; sourceTree = "<group>"; };
		42583A8D1D179828002E3B8E /* QMChatCollectionViewDelegateFlowLayout.h */ = {isa = PBXFileReference; fileEncoding = 4; lastKnownFileType = sourcecode.c.h; path = QMChatCollectionViewDelegateFlowLayout.h; sourceTree = "<group>"; };
		42583A8F1D179828002E3B8E /* QMChatSection.h */ = {isa = PBXFileReference; fileEncoding = 4; lastKnownFileType = sourcecode.c.h; path = QMChatSection.h; sourceTree = "<group>"; };
		42583A901D179828002E3B8E /* QMChatSection.m */ = {isa = PBXFileReference; fileEncoding = 4; lastKnownFileType = sourcecode.c.objc; path = QMChatSection.m; sourceTree = "<group>"; };
		42583A911D179828002E3B8E /* QMChatSectionManager.h */ = {isa = PBXFileReference; fileEncoding = 4; lastKnownFileType = sourcecode.c.h; path = QMChatSectionManager.h; sourceTree = "<group>"; };
		42583A921D179828002E3B8E /* QMChatSectionManager.m */ = {isa = PBXFileReference; fileEncoding = 4; lastKnownFileType = sourcecode.c.objc; path = QMChatSectionManager.m; sourceTree = "<group>"; };
		42583A931D179828002E3B8E /* QMChatViewController.h */ = {isa = PBXFileReference; fileEncoding = 4; lastKnownFileType = sourcecode.c.h; path = QMChatViewController.h; sourceTree = "<group>"; };
		42583A941D179828002E3B8E /* QMChatViewController.m */ = {isa = PBXFileReference; fileEncoding = 4; lastKnownFileType = sourcecode.c.objc; path = QMChatViewController.m; sourceTree = "<group>"; };
		42583A971D179828002E3B8E /* QMDateUtils.h */ = {isa = PBXFileReference; fileEncoding = 4; lastKnownFileType = sourcecode.c.h; path = QMDateUtils.h; sourceTree = "<group>"; };
		42583A981D179828002E3B8E /* QMDateUtils.m */ = {isa = PBXFileReference; fileEncoding = 4; lastKnownFileType = sourcecode.c.objc; path = QMDateUtils.m; sourceTree = "<group>"; };
		42583A9C1D179828002E3B8E /* QMChatAttachmentCell.h */ = {isa = PBXFileReference; fileEncoding = 4; lastKnownFileType = sourcecode.c.h; path = QMChatAttachmentCell.h; sourceTree = "<group>"; };
		42583A9E1D179828002E3B8E /* QMChatAttachmentIncomingCell.h */ = {isa = PBXFileReference; fileEncoding = 4; lastKnownFileType = sourcecode.c.h; path = QMChatAttachmentIncomingCell.h; sourceTree = "<group>"; };
		42583A9F1D179828002E3B8E /* QMChatAttachmentIncomingCell.m */ = {isa = PBXFileReference; fileEncoding = 4; lastKnownFileType = sourcecode.c.objc; path = QMChatAttachmentIncomingCell.m; sourceTree = "<group>"; };
		42583AA01D179828002E3B8E /* QMChatAttachmentIncomingCell.xib */ = {isa = PBXFileReference; fileEncoding = 4; lastKnownFileType = file.xib; path = QMChatAttachmentIncomingCell.xib; sourceTree = "<group>"; };
		42583AA21D179828002E3B8E /* QMChatAttachmentOutgoingCell.h */ = {isa = PBXFileReference; fileEncoding = 4; lastKnownFileType = sourcecode.c.h; path = QMChatAttachmentOutgoingCell.h; sourceTree = "<group>"; };
		42583AA31D179828002E3B8E /* QMChatAttachmentOutgoingCell.m */ = {isa = PBXFileReference; fileEncoding = 4; lastKnownFileType = sourcecode.c.objc; path = QMChatAttachmentOutgoingCell.m; sourceTree = "<group>"; };
		42583AA41D179828002E3B8E /* QMChatAttachmentOutgoingCell.xib */ = {isa = PBXFileReference; fileEncoding = 4; lastKnownFileType = file.xib; path = QMChatAttachmentOutgoingCell.xib; sourceTree = "<group>"; };
		42583AA61D179828002E3B8E /* QMChatCell.h */ = {isa = PBXFileReference; fileEncoding = 4; lastKnownFileType = sourcecode.c.h; path = QMChatCell.h; sourceTree = "<group>"; };
		42583AA71D179828002E3B8E /* QMChatCell.m */ = {isa = PBXFileReference; fileEncoding = 4; lastKnownFileType = sourcecode.c.objc; path = QMChatCell.m; sourceTree = "<group>"; };
		42583AA91D179828002E3B8E /* QMChatContactRequestCell.h */ = {isa = PBXFileReference; fileEncoding = 4; lastKnownFileType = sourcecode.c.h; path = QMChatContactRequestCell.h; sourceTree = "<group>"; };
		42583AAA1D179828002E3B8E /* QMChatContactRequestCell.m */ = {isa = PBXFileReference; fileEncoding = 4; lastKnownFileType = sourcecode.c.objc; path = QMChatContactRequestCell.m; sourceTree = "<group>"; };
		42583AAB1D179828002E3B8E /* QMChatContactRequestCell.xib */ = {isa = PBXFileReference; fileEncoding = 4; lastKnownFileType = file.xib; path = QMChatContactRequestCell.xib; sourceTree = "<group>"; };
		42583AAD1D179828002E3B8E /* QMChatIncomingCell.h */ = {isa = PBXFileReference; fileEncoding = 4; lastKnownFileType = sourcecode.c.h; path = QMChatIncomingCell.h; sourceTree = "<group>"; };
		42583AAE1D179828002E3B8E /* QMChatIncomingCell.m */ = {isa = PBXFileReference; fileEncoding = 4; lastKnownFileType = sourcecode.c.objc; path = QMChatIncomingCell.m; sourceTree = "<group>"; };
		42583AAF1D179828002E3B8E /* QMChatIncomingCell.xib */ = {isa = PBXFileReference; fileEncoding = 4; lastKnownFileType = file.xib; path = QMChatIncomingCell.xib; sourceTree = "<group>"; };
		42583AB11D179828002E3B8E /* QMChatNotificationCell.h */ = {isa = PBXFileReference; fileEncoding = 4; lastKnownFileType = sourcecode.c.h; path = QMChatNotificationCell.h; sourceTree = "<group>"; };
		42583AB21D179828002E3B8E /* QMChatNotificationCell.m */ = {isa = PBXFileReference; fileEncoding = 4; lastKnownFileType = sourcecode.c.objc; path = QMChatNotificationCell.m; sourceTree = "<group>"; };
		42583AB31D179828002E3B8E /* QMChatNotificationCell.xib */ = {isa = PBXFileReference; fileEncoding = 4; lastKnownFileType = file.xib; path = QMChatNotificationCell.xib; sourceTree = "<group>"; };
		42583AB51D179828002E3B8E /* QMChatOutgoingCell.h */ = {isa = PBXFileReference; fileEncoding = 4; lastKnownFileType = sourcecode.c.h; path = QMChatOutgoingCell.h; sourceTree = "<group>"; };
		42583AB61D179828002E3B8E /* QMChatOutgoingCell.m */ = {isa = PBXFileReference; fileEncoding = 4; lastKnownFileType = sourcecode.c.objc; path = QMChatOutgoingCell.m; sourceTree = "<group>"; };
		42583AB71D179828002E3B8E /* QMChatOutgoingCell.xib */ = {isa = PBXFileReference; fileEncoding = 4; lastKnownFileType = file.xib; path = QMChatOutgoingCell.xib; sourceTree = "<group>"; };
		42583ABA1D179828002E3B8E /* QMChatCellLayoutAttributes.h */ = {isa = PBXFileReference; fileEncoding = 4; lastKnownFileType = sourcecode.c.h; path = QMChatCellLayoutAttributes.h; sourceTree = "<group>"; };
		42583ABB1D179828002E3B8E /* QMChatCellLayoutAttributes.m */ = {isa = PBXFileReference; fileEncoding = 4; lastKnownFileType = sourcecode.c.objc; path = QMChatCellLayoutAttributes.m; sourceTree = "<group>"; };
		42583ABC1D179828002E3B8E /* QMChatCollectionViewFlowLayout.h */ = {isa = PBXFileReference; fileEncoding = 4; lastKnownFileType = sourcecode.c.h; path = QMChatCollectionViewFlowLayout.h; sourceTree = "<group>"; };
		42583ABD1D179828002E3B8E /* QMChatCollectionViewFlowLayout.m */ = {isa = PBXFileReference; fileEncoding = 4; lastKnownFileType = sourcecode.c.objc; path = QMChatCollectionViewFlowLayout.m; sourceTree = "<group>"; };
		42583ABE1D179828002E3B8E /* QMCollectionViewFlowLayoutInvalidationContext.h */ = {isa = PBXFileReference; fileEncoding = 4; lastKnownFileType = sourcecode.c.h; path = QMCollectionViewFlowLayoutInvalidationContext.h; sourceTree = "<group>"; };
		42583ABF1D179828002E3B8E /* QMCollectionViewFlowLayoutInvalidationContext.m */ = {isa = PBXFileReference; fileEncoding = 4; lastKnownFileType = sourcecode.c.objc; path = QMCollectionViewFlowLayoutInvalidationContext.m; sourceTree = "<group>"; };
		42583AC01D179828002E3B8E /* QMChatCollectionView.h */ = {isa = PBXFileReference; fileEncoding = 4; lastKnownFileType = sourcecode.c.h; path = QMChatCollectionView.h; sourceTree = "<group>"; };
		42583AC11D179828002E3B8E /* QMChatCollectionView.m */ = {isa = PBXFileReference; fileEncoding = 4; lastKnownFileType = sourcecode.c.objc; path = QMChatCollectionView.m; sourceTree = "<group>"; };
		42583AC41D179828002E3B8E /* QMInputToolbar.h */ = {isa = PBXFileReference; fileEncoding = 4; lastKnownFileType = sourcecode.c.h; path = QMInputToolbar.h; sourceTree = "<group>"; };
		42583AC51D179828002E3B8E /* QMInputToolbar.m */ = {isa = PBXFileReference; fileEncoding = 4; lastKnownFileType = sourcecode.c.objc; path = QMInputToolbar.m; sourceTree = "<group>"; };
		42583AC61D179828002E3B8E /* QMToolbarContentView.h */ = {isa = PBXFileReference; fileEncoding = 4; lastKnownFileType = sourcecode.c.h; path = QMToolbarContentView.h; sourceTree = "<group>"; };
		42583AC71D179828002E3B8E /* QMToolbarContentView.m */ = {isa = PBXFileReference; fileEncoding = 4; lastKnownFileType = sourcecode.c.objc; path = QMToolbarContentView.m; sourceTree = "<group>"; };
		42583AC81D179828002E3B8E /* QMToolbarContentView.xib */ = {isa = PBXFileReference; fileEncoding = 4; lastKnownFileType = file.xib; path = QMToolbarContentView.xib; sourceTree = "<group>"; };
		42583ACA1D179828002E3B8E /* QMPlaceHolderTextView.h */ = {isa = PBXFileReference; fileEncoding = 4; lastKnownFileType = sourcecode.c.h; path = QMPlaceHolderTextView.h; sourceTree = "<group>"; };
		42583ACB1D179828002E3B8E /* QMPlaceHolderTextView.m */ = {isa = PBXFileReference; fileEncoding = 4; lastKnownFileType = sourcecode.c.objc; path = QMPlaceHolderTextView.m; sourceTree = "<group>"; };
		42583ACD1D179828002E3B8E /* QMHeaderCollectionReusableView.h */ = {isa = PBXFileReference; fileEncoding = 4; lastKnownFileType = sourcecode.c.h; path = QMHeaderCollectionReusableView.h; sourceTree = "<group>"; };
		42583ACE1D179828002E3B8E /* QMHeaderCollectionReusableView.m */ = {isa = PBXFileReference; fileEncoding = 4; lastKnownFileType = sourcecode.c.objc; path = QMHeaderCollectionReusableView.m; sourceTree = "<group>"; };
		42583ACF1D179828002E3B8E /* QMHeaderCollectionReusableView.xib */ = {isa = PBXFileReference; fileEncoding = 4; lastKnownFileType = file.xib; path = QMHeaderCollectionReusableView.xib; sourceTree = "<group>"; };
		42583AD11D179828002E3B8E /* QMImageView.h */ = {isa = PBXFileReference; fileEncoding = 4; lastKnownFileType = sourcecode.c.h; path = QMImageView.h; sourceTree = "<group>"; };
		42583AD21D179828002E3B8E /* QMImageView.m */ = {isa = PBXFileReference; fileEncoding = 4; lastKnownFileType = sourcecode.c.objc; path = QMImageView.m; sourceTree = "<group>"; };
		42583AD31D179828002E3B8E /* QMChatActionsHandler.h */ = {isa = PBXFileReference; fileEncoding = 4; lastKnownFileType = sourcecode.c.h; path = QMChatActionsHandler.h; sourceTree = "<group>"; };
		42583AD41D179828002E3B8E /* QMChatContainerView.h */ = {isa = PBXFileReference; fileEncoding = 4; lastKnownFileType = sourcecode.c.h; path = QMChatContainerView.h; sourceTree = "<group>"; };
		42583AD51D179828002E3B8E /* QMChatContainerView.m */ = {isa = PBXFileReference; fileEncoding = 4; lastKnownFileType = sourcecode.c.objc; path = QMChatContainerView.m; sourceTree = "<group>"; };
		42583AD61D179828002E3B8E /* README.md */ = {isa = PBXFileReference; fileEncoding = 4; lastKnownFileType = net.daringfireball.markdown; path = README.md; sourceTree = "<group>"; };
		4272103D1D23B98500E49442 /* FindingUserViewController.h */ = {isa = PBXFileReference; fileEncoding = 4; lastKnownFileType = sourcecode.c.h; path = FindingUserViewController.h; sourceTree = "<group>"; };
		4272103E1D23B98500E49442 /* FindingUserViewController.m */ = {isa = PBXFileReference; fileEncoding = 4; lastKnownFileType = sourcecode.c.objc; path = FindingUserViewController.m; sourceTree = "<group>"; };
		75A6E3802B49588F5660BED0 /* libPods.a */ = {isa = PBXFileReference; explicitFileType = archive.ar; includeInIndex = 0; path = libPods.a; sourceTree = BUILT_PRODUCTS_DIR; };
		86104A1C1B0B5E1900464D52 /* ServicesManager.h */ = {isa = PBXFileReference; fileEncoding = 4; lastKnownFileType = sourcecode.c.h; path = ServicesManager.h; sourceTree = "<group>"; };
		86104A1D1B0B5E1900464D52 /* ServicesManager.m */ = {isa = PBXFileReference; fileEncoding = 4; lastKnownFileType = sourcecode.c.objc; path = ServicesManager.m; sourceTree = "<group>"; };
		8614B8DB1B8205D400DBB753 /* UsersDataSource.h */ = {isa = PBXFileReference; fileEncoding = 4; lastKnownFileType = sourcecode.c.h; path = UsersDataSource.h; sourceTree = "<group>"; };
		8614B8DC1B8205D400DBB753 /* UsersDataSource.m */ = {isa = PBXFileReference; fileEncoding = 4; lastKnownFileType = sourcecode.c.objc; path = UsersDataSource.m; sourceTree = "<group>"; };
		8614B8E01B82060000DBB753 /* UIAlertDialog.h */ = {isa = PBXFileReference; fileEncoding = 4; lastKnownFileType = sourcecode.c.h; path = UIAlertDialog.h; sourceTree = "<group>"; };
		8614B8E11B82060000DBB753 /* UIAlertDialog.m */ = {isa = PBXFileReference; fileEncoding = 4; lastKnownFileType = sourcecode.c.objc; path = UIAlertDialog.m; sourceTree = "<group>"; };
		8614B8E21B82060000DBB753 /* UIImage+fixOrientation.h */ = {isa = PBXFileReference; fileEncoding = 4; lastKnownFileType = sourcecode.c.h; path = "UIImage+fixOrientation.h"; sourceTree = "<group>"; };
		8614B8E31B82060000DBB753 /* UIImage+fixOrientation.m */ = {isa = PBXFileReference; fileEncoding = 4; lastKnownFileType = sourcecode.c.objc; path = "UIImage+fixOrientation.m"; sourceTree = "<group>"; };
		86401C0B1B428CEA00D45A05 /* MessageStatusStringBuilder.h */ = {isa = PBXFileReference; fileEncoding = 4; lastKnownFileType = sourcecode.c.h; name = MessageStatusStringBuilder.h; path = Utils/MessageStatusStringBuilder.h; sourceTree = "<group>"; };
		86401C0C1B428CEA00D45A05 /* MessageStatusStringBuilder.m */ = {isa = PBXFileReference; fileEncoding = 4; lastKnownFileType = sourcecode.c.objc; name = MessageStatusStringBuilder.m; path = Utils/MessageStatusStringBuilder.m; sourceTree = "<group>"; };
		86872E811BAF55A300BE9F23 /* NotificationService.h */ = {isa = PBXFileReference; fileEncoding = 4; lastKnownFileType = sourcecode.c.h; path = NotificationService.h; sourceTree = "<group>"; };
		86872E821BAF55A300BE9F23 /* NotificationService.m */ = {isa = PBXFileReference; fileEncoding = 4; lastKnownFileType = sourcecode.c.objc; path = NotificationService.m; sourceTree = "<group>"; };
		86A716631B9EF0440019C42A /* Base */ = {isa = PBXFileReference; lastKnownFileType = file.xib; name = Base; path = Base.lproj/LaunchScreen.xib; sourceTree = "<group>"; };
		86A716661B9EF0820019C42A /* Base */ = {isa = PBXFileReference; lastKnownFileType = text.plist.strings; name = Base; path = Base.lproj/InfoPlist.strings; sourceTree = "<group>"; };
		86EE31B11B26EB6700B8A383 /* ChatViewController.h */ = {isa = PBXFileReference; fileEncoding = 4; lastKnownFileType = sourcecode.c.h; path = ChatViewController.h; sourceTree = "<group>"; };
		86EE31B21B26EB6700B8A383 /* ChatViewController.m */ = {isa = PBXFileReference; fileEncoding = 4; lastKnownFileType = sourcecode.c.objc; path = ChatViewController.m; sourceTree = "<group>"; };
		86EE31B51B270B7F00B8A383 /* DialogInfoTableViewController.h */ = {isa = PBXFileReference; fileEncoding = 4; lastKnownFileType = sourcecode.c.h; path = DialogInfoTableViewController.h; sourceTree = "<group>"; };
		86EE31B61B270B7F00B8A383 /* DialogInfoTableViewController.m */ = {isa = PBXFileReference; fileEncoding = 4; lastKnownFileType = sourcecode.c.objc; path = DialogInfoTableViewController.m; sourceTree = "<group>"; };
		9A97A19D98088D9305E2C86A /* Pods.release.xcconfig */ = {isa = PBXFileReference; includeInIndex = 1; lastKnownFileType = text.xcconfig; name = Pods.release.xcconfig; path = "Pods/Target Support Files/Pods/Pods.release.xcconfig"; sourceTree = "<group>"; };
		B43CCD585A750E9A5DE28F93 /* Pods.debug.xcconfig */ = {isa = PBXFileReference; includeInIndex = 1; lastKnownFileType = text.xcconfig; name = Pods.debug.xcconfig; path = "Pods/Target Support Files/Pods/Pods.debug.xcconfig"; sourceTree = "<group>"; };
		BFBD3C931832CF30009D090B /* sound.mp3 */ = {isa = PBXFileReference; lastKnownFileType = audio.mp3; path = sound.mp3; sourceTree = "<group>"; };
		BFE6FB72180E8EF100E64AC4 /* samplechat.app */ = {isa = PBXFileReference; explicitFileType = wrapper.application; includeInIndex = 0; path = samplechat.app; sourceTree = BUILT_PRODUCTS_DIR; };
		BFE6FB75180E8EF100E64AC4 /* Foundation.framework */ = {isa = PBXFileReference; lastKnownFileType = wrapper.framework; name = Foundation.framework; path = System/Library/Frameworks/Foundation.framework; sourceTree = SDKROOT; };
		BFE6FB77180E8EF100E64AC4 /* CoreGraphics.framework */ = {isa = PBXFileReference; lastKnownFileType = wrapper.framework; name = CoreGraphics.framework; path = System/Library/Frameworks/CoreGraphics.framework; sourceTree = SDKROOT; };
		BFE6FB79180E8EF100E64AC4 /* UIKit.framework */ = {isa = PBXFileReference; lastKnownFileType = wrapper.framework; name = UIKit.framework; path = System/Library/Frameworks/UIKit.framework; sourceTree = SDKROOT; };
		BFE6FB7D180E8EF100E64AC4 /* samplechat-Info.plist */ = {isa = PBXFileReference; lastKnownFileType = text.plist.xml; path = "samplechat-Info.plist"; sourceTree = "<group>"; };
		BFE6FB81180E8EF100E64AC4 /* main.m */ = {isa = PBXFileReference; lastKnownFileType = sourcecode.c.objc; path = main.m; sourceTree = "<group>"; };
		BFE6FB83180E8EF100E64AC4 /* samplechat-Prefix.pch */ = {isa = PBXFileReference; lastKnownFileType = sourcecode.c.h; path = "samplechat-Prefix.pch"; sourceTree = "<group>"; };
		BFE6FB84180E8EF100E64AC4 /* AppDelegate.h */ = {isa = PBXFileReference; lastKnownFileType = sourcecode.c.h; path = AppDelegate.h; sourceTree = "<group>"; };
		BFE6FB85180E8EF100E64AC4 /* AppDelegate.m */ = {isa = PBXFileReference; lastKnownFileType = sourcecode.c.objc; path = AppDelegate.m; sourceTree = "<group>"; };
		BFE6FB88180E8EF100E64AC4 /* Base */ = {isa = PBXFileReference; lastKnownFileType = file.storyboard; name = Base; path = Base.lproj/Main.storyboard; sourceTree = "<group>"; };
		BFE6FB90180E8EF100E64AC4 /* Images.xcassets */ = {isa = PBXFileReference; lastKnownFileType = folder.assetcatalog; path = Images.xcassets; sourceTree = "<group>"; };
		BFE6FBAF180E9E5300E64AC4 /* CFNetwork.framework */ = {isa = PBXFileReference; lastKnownFileType = wrapper.framework; name = CFNetwork.framework; path = System/Library/Frameworks/CFNetwork.framework; sourceTree = SDKROOT; };
		BFE6FBB1180E9E5E00E64AC4 /* SystemConfiguration.framework */ = {isa = PBXFileReference; lastKnownFileType = wrapper.framework; name = SystemConfiguration.framework; path = System/Library/Frameworks/SystemConfiguration.framework; sourceTree = SDKROOT; };
		BFE6FBB3180E9E6800E64AC4 /* MobileCoreServices.framework */ = {isa = PBXFileReference; lastKnownFileType = wrapper.framework; name = MobileCoreServices.framework; path = System/Library/Frameworks/MobileCoreServices.framework; sourceTree = SDKROOT; };
		BFE6FBB5180E9E7400E64AC4 /* CoreData.framework */ = {isa = PBXFileReference; lastKnownFileType = wrapper.framework; name = CoreData.framework; path = System/Library/Frameworks/CoreData.framework; sourceTree = SDKROOT; };
		BFE6FBB7180E9E7800E64AC4 /* CoreLocation.framework */ = {isa = PBXFileReference; lastKnownFileType = wrapper.framework; name = CoreLocation.framework; path = System/Library/Frameworks/CoreLocation.framework; sourceTree = SDKROOT; };
		BFE6FBB9180E9E7E00E64AC4 /* AudioToolbox.framework */ = {isa = PBXFileReference; lastKnownFileType = wrapper.framework; name = AudioToolbox.framework; path = System/Library/Frameworks/AudioToolbox.framework; sourceTree = SDKROOT; };
		BFE6FBBB180E9E8500E64AC4 /* CoreMedia.framework */ = {isa = PBXFileReference; lastKnownFileType = wrapper.framework; name = CoreMedia.framework; path = System/Library/Frameworks/CoreMedia.framework; sourceTree = SDKROOT; };
		BFE6FBBD180E9E8A00E64AC4 /* Accelerate.framework */ = {isa = PBXFileReference; lastKnownFileType = wrapper.framework; name = Accelerate.framework; path = System/Library/Frameworks/Accelerate.framework; sourceTree = SDKROOT; };
		BFE6FBBF180E9E9000E64AC4 /* CoreVideo.framework */ = {isa = PBXFileReference; lastKnownFileType = wrapper.framework; name = CoreVideo.framework; path = System/Library/Frameworks/CoreVideo.framework; sourceTree = SDKROOT; };
		BFE6FBC1180E9E9600E64AC4 /* AVFoundation.framework */ = {isa = PBXFileReference; lastKnownFileType = wrapper.framework; name = AVFoundation.framework; path = System/Library/Frameworks/AVFoundation.framework; sourceTree = SDKROOT; };
		BFE6FBCA180EA2F300E64AC4 /* DialogsViewController.h */ = {isa = PBXFileReference; fileEncoding = 4; lastKnownFileType = sourcecode.c.h; path = DialogsViewController.h; sourceTree = "<group>"; };
		BFE6FBCB180EA2F300E64AC4 /* DialogsViewController.m */ = {isa = PBXFileReference; fileEncoding = 4; lastKnownFileType = sourcecode.c.objc; path = DialogsViewController.m; sourceTree = "<group>"; };
		E03A2B5F1CEA096E0081660F /* QMMessageNotification.h */ = {isa = PBXFileReference; fileEncoding = 4; lastKnownFileType = sourcecode.c.h; path = QMMessageNotification.h; sourceTree = "<group>"; };
		E03A2B601CEA096E0081660F /* QMMessageNotification.m */ = {isa = PBXFileReference; fileEncoding = 4; lastKnownFileType = sourcecode.c.objc; path = QMMessageNotification.m; sourceTree = "<group>"; };
		E03A2B611CEA096E0081660F /* QMMessageNotificationManager.h */ = {isa = PBXFileReference; fileEncoding = 4; lastKnownFileType = sourcecode.c.h; path = QMMessageNotificationManager.h; sourceTree = "<group>"; };
		E03A2B621CEA096E0081660F /* QMMessageNotificationManager.m */ = {isa = PBXFileReference; fileEncoding = 4; lastKnownFileType = sourcecode.c.objc; path = QMMessageNotificationManager.m; sourceTree = "<group>"; };
		E0A42AD31CF71211002E1683 /* MPGNotification.h */ = {isa = PBXFileReference; fileEncoding = 4; lastKnownFileType = sourcecode.c.h; path = MPGNotification.h; sourceTree = "<group>"; };
		E0A42AD41CF71211002E1683 /* MPGNotification.m */ = {isa = PBXFileReference; fileEncoding = 4; lastKnownFileType = sourcecode.c.objc; path = MPGNotification.m; sourceTree = "<group>"; };
/* End PBXFileReference section */

/* Begin PBXFrameworksBuildPhase section */
		BFE6FB6F180E8EF100E64AC4 /* Frameworks */ = {
			isa = PBXFrameworksBuildPhase;
			buildActionMask = 2147483647;
			files = (
				BFE6FBC2180E9E9600E64AC4 /* AVFoundation.framework in Frameworks */,
				BFE6FBC0180E9E9000E64AC4 /* CoreVideo.framework in Frameworks */,
				BFE6FBBE180E9E8B00E64AC4 /* Accelerate.framework in Frameworks */,
				BFE6FBBC180E9E8500E64AC4 /* CoreMedia.framework in Frameworks */,
				BFE6FBBA180E9E7E00E64AC4 /* AudioToolbox.framework in Frameworks */,
				BFE6FBB8180E9E7800E64AC4 /* CoreLocation.framework in Frameworks */,
				BFE6FBB6180E9E7400E64AC4 /* CoreData.framework in Frameworks */,
				BFE6FB78180E8EF100E64AC4 /* CoreGraphics.framework in Frameworks */,
				BFE6FBB4180E9E6800E64AC4 /* MobileCoreServices.framework in Frameworks */,
				BFE6FBB2180E9E5E00E64AC4 /* SystemConfiguration.framework in Frameworks */,
				BFE6FBB0180E9E5300E64AC4 /* CFNetwork.framework in Frameworks */,
				BFE6FB7A180E8EF100E64AC4 /* UIKit.framework in Frameworks */,
				BFE6FB76180E8EF100E64AC4 /* Foundation.framework in Frameworks */,
				0A93A78AD2B48205EED5863B /* libPods.a in Frameworks */,
			);
			runOnlyForDeploymentPostprocessing = 0;
		};
/* End PBXFrameworksBuildPhase section */

/* Begin PBXGroup section */
		14B088D61CA2D9590035E29D /* ReplaceSegue */ = {
			isa = PBXGroup;
			children = (
				14B088D71CA2D9700035E29D /* ReplaceSegue.h */,
				14B088D81CA2D9700035E29D /* ReplaceSegue.m */,
			);
			name = ReplaceSegue;
			sourceTree = "<group>";
		};
		41B86933460F355B9FFD7204 /* Pods */ = {
			isa = PBXGroup;
			children = (
				B43CCD585A750E9A5DE28F93 /* Pods.debug.xcconfig */,
				9A97A19D98088D9305E2C86A /* Pods.release.xcconfig */,
				0117B3944C08CC6123CE1549 /* Pods.qa.xcconfig */,
			);
			name = Pods;
			sourceTree = "<group>";
		};
		42583A771D179828002E3B8E /* QMChatViewController */ = {
			isa = PBXGroup;
			children = (
				42583A781D179828002E3B8E /* LICENSE */,
				42583A791D179828002E3B8E /* QMChatViewController */,
				42583AD61D179828002E3B8E /* README.md */,
			);
			path = QMChatViewController;
			sourceTree = "<group>";
		};
		42583A791D179828002E3B8E /* QMChatViewController */ = {
			isa = PBXGroup;
			children = (
				42583A7A1D179828002E3B8E /* Categories */,
				42583A851D179828002E3B8E /* ChatAssets.xcassets */,
				42583A861D179828002E3B8E /* QMChatViewController.xib */,
				42583A881D179828002E3B8E /* KeyboardViewController */,
				42583A8B1D179828002E3B8E /* Protocols */,
				42583A8E1D179828002E3B8E /* QMChatSection */,
				42583A931D179828002E3B8E /* QMChatViewController.h */,
				42583A941D179828002E3B8E /* QMChatViewController.m */,
				42583A951D179828002E3B8E /* Utils */,
				42583A991D179828002E3B8E /* Views */,
			);
			path = QMChatViewController;
			sourceTree = "<group>";
		};
		42583A7A1D179828002E3B8E /* Categories */ = {
			isa = PBXGroup;
			children = (
				42583A7B1D179828002E3B8E /* NSString+QM.h */,
				42583A7C1D179828002E3B8E /* NSString+QM.m */,
				42583A7D1D179828002E3B8E /* UIColor+QM.h */,
				42583A7E1D179828002E3B8E /* UIColor+QM.m */,
				42583A7F1D179828002E3B8E /* UIImage+Cropper.h */,
				42583A801D179828002E3B8E /* UIImage+Cropper.m */,
				42583A811D179828002E3B8E /* UIImage+QM.h */,
				42583A821D179828002E3B8E /* UIImage+QM.m */,
				42583A831D179828002E3B8E /* UIView+QM.h */,
				42583A841D179828002E3B8E /* UIView+QM.m */,
			);
			path = Categories;
			sourceTree = "<group>";
		};
		42583A881D179828002E3B8E /* KeyboardViewController */ = {
			isa = PBXGroup;
			children = (
				42583A891D179828002E3B8E /* QMKeyboardController.h */,
				42583A8A1D179828002E3B8E /* QMKeyboardController.m */,
			);
			path = KeyboardViewController;
			sourceTree = "<group>";
		};
		42583A8B1D179828002E3B8E /* Protocols */ = {
			isa = PBXGroup;
			children = (
				42583A8C1D179828002E3B8E /* QMChatCollectionViewDataSource.h */,
				42583A8D1D179828002E3B8E /* QMChatCollectionViewDelegateFlowLayout.h */,
			);
			path = Protocols;
			sourceTree = "<group>";
		};
		42583A8E1D179828002E3B8E /* QMChatSection */ = {
			isa = PBXGroup;
			children = (
				42583A8F1D179828002E3B8E /* QMChatSection.h */,
				42583A901D179828002E3B8E /* QMChatSection.m */,
				42583A911D179828002E3B8E /* QMChatSectionManager.h */,
				42583A921D179828002E3B8E /* QMChatSectionManager.m */,
			);
			path = QMChatSection;
			sourceTree = "<group>";
		};
		42583A951D179828002E3B8E /* Utils */ = {
			isa = PBXGroup;
			children = (
				42583A961D179828002E3B8E /* QMDateUtils */,
			);
			path = Utils;
			sourceTree = "<group>";
		};
		42583A961D179828002E3B8E /* QMDateUtils */ = {
			isa = PBXGroup;
			children = (
				42583A971D179828002E3B8E /* QMDateUtils.h */,
				42583A981D179828002E3B8E /* QMDateUtils.m */,
			);
			path = QMDateUtils;
			sourceTree = "<group>";
		};
		42583A991D179828002E3B8E /* Views */ = {
			isa = PBXGroup;
			children = (
				42583A9A1D179828002E3B8E /* Cells */,
				42583AB81D179828002E3B8E /* CollectionView */,
				42583AC21D179828002E3B8E /* CustomUI */,
				42583AD31D179828002E3B8E /* QMChatActionsHandler.h */,
				42583AD41D179828002E3B8E /* QMChatContainerView.h */,
				42583AD51D179828002E3B8E /* QMChatContainerView.m */,
			);
			path = Views;
			sourceTree = "<group>";
		};
		42583A9A1D179828002E3B8E /* Cells */ = {
			isa = PBXGroup;
			children = (
				42583A9B1D179828002E3B8E /* QMChatAttachmentCell */,
				42583A9D1D179828002E3B8E /* QMChatAttachmentIncomingCell */,
				42583AA11D179828002E3B8E /* QMChatAttachmentOutgoingCell */,
				42583AA51D179828002E3B8E /* QMChatCell */,
				42583AA81D179828002E3B8E /* QMChatContactRequestCell */,
				42583AAC1D179828002E3B8E /* QMChatIncomingCell */,
				42583AB01D179828002E3B8E /* QMChatNotificationCell */,
				42583AB41D179828002E3B8E /* QMChatOutgoingCell */,
			);
			path = Cells;
			sourceTree = "<group>";
		};
		42583A9B1D179828002E3B8E /* QMChatAttachmentCell */ = {
			isa = PBXGroup;
			children = (
				42583A9C1D179828002E3B8E /* QMChatAttachmentCell.h */,
			);
			path = QMChatAttachmentCell;
			sourceTree = "<group>";
		};
		42583A9D1D179828002E3B8E /* QMChatAttachmentIncomingCell */ = {
			isa = PBXGroup;
			children = (
				42583A9E1D179828002E3B8E /* QMChatAttachmentIncomingCell.h */,
				42583A9F1D179828002E3B8E /* QMChatAttachmentIncomingCell.m */,
				42583AA01D179828002E3B8E /* QMChatAttachmentIncomingCell.xib */,
			);
			path = QMChatAttachmentIncomingCell;
			sourceTree = "<group>";
		};
		42583AA11D179828002E3B8E /* QMChatAttachmentOutgoingCell */ = {
			isa = PBXGroup;
			children = (
				42583AA21D179828002E3B8E /* QMChatAttachmentOutgoingCell.h */,
				42583AA31D179828002E3B8E /* QMChatAttachmentOutgoingCell.m */,
				42583AA41D179828002E3B8E /* QMChatAttachmentOutgoingCell.xib */,
			);
			path = QMChatAttachmentOutgoingCell;
			sourceTree = "<group>";
		};
		42583AA51D179828002E3B8E /* QMChatCell */ = {
			isa = PBXGroup;
			children = (
				42583AA61D179828002E3B8E /* QMChatCell.h */,
				42583AA71D179828002E3B8E /* QMChatCell.m */,
			);
			path = QMChatCell;
			sourceTree = "<group>";
		};
		42583AA81D179828002E3B8E /* QMChatContactRequestCell */ = {
			isa = PBXGroup;
			children = (
				42583AA91D179828002E3B8E /* QMChatContactRequestCell.h */,
				42583AAA1D179828002E3B8E /* QMChatContactRequestCell.m */,
				42583AAB1D179828002E3B8E /* QMChatContactRequestCell.xib */,
			);
			path = QMChatContactRequestCell;
			sourceTree = "<group>";
		};
		42583AAC1D179828002E3B8E /* QMChatIncomingCell */ = {
			isa = PBXGroup;
			children = (
				42583AAD1D179828002E3B8E /* QMChatIncomingCell.h */,
				42583AAE1D179828002E3B8E /* QMChatIncomingCell.m */,
				42583AAF1D179828002E3B8E /* QMChatIncomingCell.xib */,
			);
			path = QMChatIncomingCell;
			sourceTree = "<group>";
		};
		42583AB01D179828002E3B8E /* QMChatNotificationCell */ = {
			isa = PBXGroup;
			children = (
				42583AB11D179828002E3B8E /* QMChatNotificationCell.h */,
				42583AB21D179828002E3B8E /* QMChatNotificationCell.m */,
				42583AB31D179828002E3B8E /* QMChatNotificationCell.xib */,
			);
			path = QMChatNotificationCell;
			sourceTree = "<group>";
		};
		42583AB41D179828002E3B8E /* QMChatOutgoingCell */ = {
			isa = PBXGroup;
			children = (
				42583AB51D179828002E3B8E /* QMChatOutgoingCell.h */,
				42583AB61D179828002E3B8E /* QMChatOutgoingCell.m */,
				42583AB71D179828002E3B8E /* QMChatOutgoingCell.xib */,
			);
			path = QMChatOutgoingCell;
			sourceTree = "<group>";
		};
		42583AB81D179828002E3B8E /* CollectionView */ = {
			isa = PBXGroup;
			children = (
				42583AB91D179828002E3B8E /* Layout */,
				42583AC01D179828002E3B8E /* QMChatCollectionView.h */,
				42583AC11D179828002E3B8E /* QMChatCollectionView.m */,
			);
			path = CollectionView;
			sourceTree = "<group>";
		};
		42583AB91D179828002E3B8E /* Layout */ = {
			isa = PBXGroup;
			children = (
				42583ABA1D179828002E3B8E /* QMChatCellLayoutAttributes.h */,
				42583ABB1D179828002E3B8E /* QMChatCellLayoutAttributes.m */,
				42583ABC1D179828002E3B8E /* QMChatCollectionViewFlowLayout.h */,
				42583ABD1D179828002E3B8E /* QMChatCollectionViewFlowLayout.m */,
				42583ABE1D179828002E3B8E /* QMCollectionViewFlowLayoutInvalidationContext.h */,
				42583ABF1D179828002E3B8E /* QMCollectionViewFlowLayoutInvalidationContext.m */,
			);
			path = Layout;
			sourceTree = "<group>";
		};
		42583AC21D179828002E3B8E /* CustomUI */ = {
			isa = PBXGroup;
			children = (
				42583AC31D179828002E3B8E /* InputToolBar */,
				42583AC91D179828002E3B8E /* PlaceHolderTextView */,
				42583ACC1D179828002E3B8E /* QMHeaderCollectionReusableView */,
				42583AD01D179828002E3B8E /* QMImageView */,
			);
			path = CustomUI;
			sourceTree = "<group>";
		};
		42583AC31D179828002E3B8E /* InputToolBar */ = {
			isa = PBXGroup;
			children = (
				42583AC41D179828002E3B8E /* QMInputToolbar.h */,
				42583AC51D179828002E3B8E /* QMInputToolbar.m */,
				42583AC61D179828002E3B8E /* QMToolbarContentView.h */,
				42583AC71D179828002E3B8E /* QMToolbarContentView.m */,
				42583AC81D179828002E3B8E /* QMToolbarContentView.xib */,
			);
			path = InputToolBar;
			sourceTree = "<group>";
		};
		42583AC91D179828002E3B8E /* PlaceHolderTextView */ = {
			isa = PBXGroup;
			children = (
				42583ACA1D179828002E3B8E /* QMPlaceHolderTextView.h */,
				42583ACB1D179828002E3B8E /* QMPlaceHolderTextView.m */,
			);
			path = PlaceHolderTextView;
			sourceTree = "<group>";
		};
		42583ACC1D179828002E3B8E /* QMHeaderCollectionReusableView */ = {
			isa = PBXGroup;
			children = (
				42583ACD1D179828002E3B8E /* QMHeaderCollectionReusableView.h */,
				42583ACE1D179828002E3B8E /* QMHeaderCollectionReusableView.m */,
				42583ACF1D179828002E3B8E /* QMHeaderCollectionReusableView.xib */,
			);
			path = QMHeaderCollectionReusableView;
			sourceTree = "<group>";
		};
		42583AD01D179828002E3B8E /* QMImageView */ = {
			isa = PBXGroup;
			children = (
				42583AD11D179828002E3B8E /* QMImageView.h */,
				42583AD21D179828002E3B8E /* QMImageView.m */,
			);
			path = QMImageView;
			sourceTree = "<group>";
		};
		8614B8DA1B8205D400DBB753 /* DataSources */ = {
			isa = PBXGroup;
			children = (
				8614B8DB1B8205D400DBB753 /* UsersDataSource.h */,
				8614B8DC1B8205D400DBB753 /* UsersDataSource.m */,
			);
			path = DataSources;
			sourceTree = "<group>";
		};
		8614B8DF1B82060000DBB753 /* ThirdParty */ = {
			isa = PBXGroup;
			children = (
				E0A42AD21CF71211002E1683 /* MPGNotification */,
				E03A2B5E1CEA096E0081660F /* QMMessageNotificationManager */,
				8614B8E01B82060000DBB753 /* UIAlertDialog.h */,
				8614B8E11B82060000DBB753 /* UIAlertDialog.m */,
				8614B8E21B82060000DBB753 /* UIImage+fixOrientation.h */,
				8614B8E31B82060000DBB753 /* UIImage+fixOrientation.m */,
			);
			path = ThirdParty;
			sourceTree = "<group>";
		};
		86401C091B428CAD00D45A05 /* Utils */ = {
			isa = PBXGroup;
			children = (
				86401C0B1B428CEA00D45A05 /* MessageStatusStringBuilder.h */,
				86401C0C1B428CEA00D45A05 /* MessageStatusStringBuilder.m */,
			);
			name = Utils;
			sourceTree = "<group>";
		};
		BFE6FB69180E8EF100E64AC4 = {
			isa = PBXGroup;
			children = (
				BFE6FB7B180E8EF100E64AC4 /* sample-chat */,
				BFE6FB74180E8EF100E64AC4 /* Frameworks */,
				BFE6FB73180E8EF100E64AC4 /* Products */,
				41B86933460F355B9FFD7204 /* Pods */,
			);
			sourceTree = "<group>";
		};
		BFE6FB73180E8EF100E64AC4 /* Products */ = {
			isa = PBXGroup;
			children = (
				BFE6FB72180E8EF100E64AC4 /* samplechat.app */,
			);
			name = Products;
			sourceTree = "<group>";
		};
		BFE6FB74180E8EF100E64AC4 /* Frameworks */ = {
			isa = PBXGroup;
			children = (
				BFE6FBC1180E9E9600E64AC4 /* AVFoundation.framework */,
				BFE6FBBF180E9E9000E64AC4 /* CoreVideo.framework */,
				BFE6FBBD180E9E8A00E64AC4 /* Accelerate.framework */,
				BFE6FBBB180E9E8500E64AC4 /* CoreMedia.framework */,
				BFE6FBB9180E9E7E00E64AC4 /* AudioToolbox.framework */,
				BFE6FBB7180E9E7800E64AC4 /* CoreLocation.framework */,
				BFE6FBB5180E9E7400E64AC4 /* CoreData.framework */,
				BFE6FBB3180E9E6800E64AC4 /* MobileCoreServices.framework */,
				BFE6FBB1180E9E5E00E64AC4 /* SystemConfiguration.framework */,
				BFE6FBAF180E9E5300E64AC4 /* CFNetwork.framework */,
				BFE6FB75180E8EF100E64AC4 /* Foundation.framework */,
				BFE6FB77180E8EF100E64AC4 /* CoreGraphics.framework */,
				BFE6FB79180E8EF100E64AC4 /* UIKit.framework */,
				75A6E3802B49588F5660BED0 /* libPods.a */,
			);
			name = Frameworks;
			sourceTree = "<group>";
		};
		BFE6FB7B180E8EF100E64AC4 /* sample-chat */ = {
			isa = PBXGroup;
			children = (
				42583A771D179828002E3B8E /* QMChatViewController */,
				425839F41D152E9F002E3B8E /* Resouces */,
				14B088D61CA2D9590035E29D /* ReplaceSegue */,
				8614B8DF1B82060000DBB753 /* ThirdParty */,
				8614B8DA1B8205D400DBB753 /* DataSources */,
				BFE6FB84180E8EF100E64AC4 /* AppDelegate.h */,
				BFE6FB85180E8EF100E64AC4 /* AppDelegate.m */,
				BFE6FBC9180EA2F300E64AC4 /* ViewController */,
				BFE6FBF21812E0D300E64AC4 /* Views */,
				86401C091B428CAD00D45A05 /* Utils */,
				BFE6FBE2180F293C00E64AC4 /* Services */,
				BFE6FB87180E8EF100E64AC4 /* Main.storyboard */,
				BFE6FB90180E8EF100E64AC4 /* Images.xcassets */,
				86A716621B9EF0440019C42A /* LaunchScreen.xib */,
				BFBD3C931832CF30009D090B /* sound.mp3 */,
				BFE6FB7C180E8EF100E64AC4 /* Supporting Files */,
			);
			path = "sample-chat";
			sourceTree = "<group>";
		};
		BFE6FB7C180E8EF100E64AC4 /* Supporting Files */ = {
			isa = PBXGroup;
			children = (
				BFE6FB7D180E8EF100E64AC4 /* samplechat-Info.plist */,
				86A716651B9EF0820019C42A /* InfoPlist.strings */,
				BFE6FB81180E8EF100E64AC4 /* main.m */,
				BFE6FB83180E8EF100E64AC4 /* samplechat-Prefix.pch */,
			);
			name = "Supporting Files";
			sourceTree = "<group>";
		};
		BFE6FBC9180EA2F300E64AC4 /* ViewController */ = {
			isa = PBXGroup;
			children = (
				BFE6FBCA180EA2F300E64AC4 /* DialogsViewController.h */,
				BFE6FBCB180EA2F300E64AC4 /* DialogsViewController.m */,
				1402B6A61B14C7340069E3A4 /* LoginTableViewController.h */,
				1402B6A71B14C7340069E3A4 /* LoginTableViewController.m */,
				143181771B1882EC001A933D /* NewDialogTableViewController.h */,
				143181781B1882EC001A933D /* NewDialogTableViewController.m */,
				1485D5FB1B25E60A00D26B2A /* EditDialogTableViewController.h */,
				1485D5FC1B25E60A00D26B2A /* EditDialogTableViewController.m */,
				86EE31B11B26EB6700B8A383 /* ChatViewController.h */,
				86EE31B21B26EB6700B8A383 /* ChatViewController.m */,
				86EE31B51B270B7F00B8A383 /* DialogInfoTableViewController.h */,
				86EE31B61B270B7F00B8A383 /* DialogInfoTableViewController.m */,
				425839FA1D17120E002E3B8E /* SelectGenderViewController.h */,
				425839FB1D17120E002E3B8E /* SelectGenderViewController.m */,
				4272103D1D23B98500E49442 /* FindingUserViewController.h */,
				4272103E1D23B98500E49442 /* FindingUserViewController.m */,
			);
			path = ViewController;
			sourceTree = "<group>";
		};
		BFE6FBE2180F293C00E64AC4 /* Services */ = {
			isa = PBXGroup;
			children = (
				86104A1C1B0B5E1900464D52 /* ServicesManager.h */,
				86104A1D1B0B5E1900464D52 /* ServicesManager.m */,
				143181731B18714B001A933D /* Constants.h */,
				86872E811BAF55A300BE9F23 /* NotificationService.h */,
				86872E821BAF55A300BE9F23 /* NotificationService.m */,
			);
			path = Services;
			sourceTree = "<group>";
		};
		BFE6FBF21812E0D300E64AC4 /* Views */ = {
			isa = PBXGroup;
			children = (
				425839FD1D171EFF002E3B8E /* QMOnlineTitleView.h */,
				425839FE1D171EFF002E3B8E /* QMOnlineTitleView.m */,
				1402B6981B14BF350069E3A4 /* UserTableViewCell.h */,
				1402B6991B14BF350069E3A4 /* UserTableViewCell.m */,
				1402B69B1B14BFBA0069E3A4 /* CornerView.h */,
				1402B69C1B14BFBA0069E3A4 /* CornerView.m */,
				1480E08D1B25DB6600DD6B7C /* DialogTableViewCell.h */,
				1480E08E1B25DB6600DD6B7C /* DialogTableViewCell.m */,
			);
			path = Views;
			sourceTree = "<group>";
		};
		E03A2B5E1CEA096E0081660F /* QMMessageNotificationManager */ = {
			isa = PBXGroup;
			children = (
				E03A2B5F1CEA096E0081660F /* QMMessageNotification.h */,
				E03A2B601CEA096E0081660F /* QMMessageNotification.m */,
				E03A2B611CEA096E0081660F /* QMMessageNotificationManager.h */,
				E03A2B621CEA096E0081660F /* QMMessageNotificationManager.m */,
			);
			path = QMMessageNotificationManager;
			sourceTree = "<group>";
		};
		E0A42AD21CF71211002E1683 /* MPGNotification */ = {
			isa = PBXGroup;
			children = (
				E0A42AD31CF71211002E1683 /* MPGNotification.h */,
				E0A42AD41CF71211002E1683 /* MPGNotification.m */,
			);
			path = MPGNotification;
			sourceTree = "<group>";
		};
/* End PBXGroup section */

/* Begin PBXNativeTarget section */
		BFE6FB71180E8EF100E64AC4 /* samplechat */ = {
			isa = PBXNativeTarget;
			buildConfigurationList = BFE6FBA7180E8EF100E64AC4 /* Build configuration list for PBXNativeTarget "samplechat" */;
			buildPhases = (
				778ECE6FB5C843E73610A49D /* Check Pods Manifest.lock */,
				BFE6FB6E180E8EF100E64AC4 /* Sources */,
				BFE6FB6F180E8EF100E64AC4 /* Frameworks */,
				BFE6FB70180E8EF100E64AC4 /* Resources */,
				23AAE55C28D3AF07DFF1483F /* Embed Pods Frameworks */,
				C512E1F9C5025A0AD12721DC /* Copy Pods Resources */,
			);
			buildRules = (
			);
			dependencies = (
			);
			name = samplechat;
			productName = "sample-chat";
			productReference = BFE6FB72180E8EF100E64AC4 /* samplechat.app */;
			productType = "com.apple.product-type.application";
		};
/* End PBXNativeTarget section */

/* Begin PBXProject section */
		BFE6FB6A180E8EF100E64AC4 /* Project object */ = {
			isa = PBXProject;
			attributes = {
				LastUpgradeCheck = 0720;
				ORGANIZATIONNAME = Quickblox;
				TargetAttributes = {
					BFE6FB71180E8EF100E64AC4 = {
						DevelopmentTeam = 8885H5G2YX;
					};
				};
			};
			buildConfigurationList = BFE6FB6D180E8EF100E64AC4 /* Build configuration list for PBXProject "samplechat" */;
			compatibilityVersion = "Xcode 3.2";
			developmentRegion = English;
			hasScannedForEncodings = 0;
			knownRegions = (
				Base,
				en,
			);
			mainGroup = BFE6FB69180E8EF100E64AC4;
			productRefGroup = BFE6FB73180E8EF100E64AC4 /* Products */;
			projectDirPath = "";
			projectRoot = "";
			targets = (
				BFE6FB71180E8EF100E64AC4 /* samplechat */,
			);
		};
/* End PBXProject section */

/* Begin PBXResourcesBuildPhase section */
		BFE6FB70180E8EF100E64AC4 /* Resources */ = {
			isa = PBXResourcesBuildPhase;
			buildActionMask = 2147483647;
			files = (
				42583AF71D179828002E3B8E /* QMToolbarContentView.xib in Resources */,
				42583AEE1D179828002E3B8E /* QMChatNotificationCell.xib in Resources */,
				BFBD3C941832CF30009D090B /* sound.mp3 in Resources */,
				86A716671B9EF0820019C42A /* InfoPlist.strings in Resources */,
				42583AE51D179828002E3B8E /* QMChatAttachmentIncomingCell.xib in Resources */,
				42583ADD1D179828002E3B8E /* ChatAssets.xcassets in Resources */,
				42583AFA1D179828002E3B8E /* QMHeaderCollectionReusableView.xib in Resources */,
				42583AEA1D179828002E3B8E /* QMChatContactRequestCell.xib in Resources */,
				BFE6FB91180E8EF100E64AC4 /* Images.xcassets in Resources */,
				42583AD71D179828002E3B8E /* LICENSE in Resources */,
				42583ADE1D179828002E3B8E /* QMChatViewController.xib in Resources */,
				42583AF01D179828002E3B8E /* QMChatOutgoingCell.xib in Resources */,
				42583AE71D179828002E3B8E /* QMChatAttachmentOutgoingCell.xib in Resources */,
				425839F51D152E9F002E3B8E /* Resouces in Resources */,
				42583AEC1D179828002E3B8E /* QMChatIncomingCell.xib in Resources */,
				BFE6FB89180E8EF100E64AC4 /* Main.storyboard in Resources */,
				86A716641B9EF0440019C42A /* LaunchScreen.xib in Resources */,
			);
			runOnlyForDeploymentPostprocessing = 0;
		};
/* End PBXResourcesBuildPhase section */

/* Begin PBXShellScriptBuildPhase section */
		23AAE55C28D3AF07DFF1483F /* Embed Pods Frameworks */ = {
			isa = PBXShellScriptBuildPhase;
			buildActionMask = 2147483647;
			files = (
			);
			inputPaths = (
			);
			name = "Embed Pods Frameworks";
			outputPaths = (
			);
			runOnlyForDeploymentPostprocessing = 0;
			shellPath = /bin/sh;
			shellScript = "\"${SRCROOT}/Pods/Target Support Files/Pods/Pods-frameworks.sh\"\n";
			showEnvVarsInLog = 0;
		};
		778ECE6FB5C843E73610A49D /* Check Pods Manifest.lock */ = {
			isa = PBXShellScriptBuildPhase;
			buildActionMask = 2147483647;
			files = (
			);
			inputPaths = (
			);
			name = "Check Pods Manifest.lock";
			outputPaths = (
			);
			runOnlyForDeploymentPostprocessing = 0;
			shellPath = /bin/sh;
			shellScript = "diff \"${PODS_ROOT}/../Podfile.lock\" \"${PODS_ROOT}/Manifest.lock\" > /dev/null\nif [[ $? != 0 ]] ; then\n    cat << EOM\nerror: The sandbox is not in sync with the Podfile.lock. Run 'pod install' or update your CocoaPods installation.\nEOM\n    exit 1\nfi\n";
			showEnvVarsInLog = 0;
		};
		C512E1F9C5025A0AD12721DC /* Copy Pods Resources */ = {
			isa = PBXShellScriptBuildPhase;
			buildActionMask = 2147483647;
			files = (
			);
			inputPaths = (
			);
			name = "Copy Pods Resources";
			outputPaths = (
			);
			runOnlyForDeploymentPostprocessing = 0;
			shellPath = /bin/sh;
			shellScript = "\"${SRCROOT}/Pods/Target Support Files/Pods/Pods-resources.sh\"\n";
			showEnvVarsInLog = 0;
		};
/* End PBXShellScriptBuildPhase section */

/* Begin PBXSourcesBuildPhase section */
		BFE6FB6E180E8EF100E64AC4 /* Sources */ = {
			isa = PBXSourcesBuildPhase;
			buildActionMask = 2147483647;
			files = (
				42583AE21D179828002E3B8E /* QMChatViewController.m in Sources */,
				14B088D91CA2D9700035E29D /* ReplaceSegue.m in Sources */,
				42583AE91D179828002E3B8E /* QMChatContactRequestCell.m in Sources */,
				42583AD91D179828002E3B8E /* UIColor+QM.m in Sources */,
				1402B69A1B14BF350069E3A4 /* UserTableViewCell.m in Sources */,
				BFE6FB86180E8EF100E64AC4 /* AppDelegate.m in Sources */,
				42583AFC1D179828002E3B8E /* QMChatContainerView.m in Sources */,
				42583ADA1D179828002E3B8E /* UIImage+Cropper.m in Sources */,
				E03A2B641CEA096E0081660F /* QMMessageNotificationManager.m in Sources */,
				42583AF31D179828002E3B8E /* QMCollectionViewFlowLayoutInvalidationContext.m in Sources */,
				42583AF61D179828002E3B8E /* QMToolbarContentView.m in Sources */,
				42583AEB1D179828002E3B8E /* QMChatIncomingCell.m in Sources */,
				42583AF51D179828002E3B8E /* QMInputToolbar.m in Sources */,
				86EE31B71B270B7F00B8A383 /* DialogInfoTableViewController.m in Sources */,
				E03A2B631CEA096E0081660F /* QMMessageNotification.m in Sources */,
				1480E08F1B25DB6600DD6B7C /* DialogTableViewCell.m in Sources */,
				8614B8E41B82060000DBB753 /* UIAlertDialog.m in Sources */,
				42583ADC1D179828002E3B8E /* UIView+QM.m in Sources */,
				1402B6A81B14C7340069E3A4 /* LoginTableViewController.m in Sources */,
				42583AE31D179828002E3B8E /* QMDateUtils.m in Sources */,
				42583AF81D179828002E3B8E /* QMPlaceHolderTextView.m in Sources */,
				42583AED1D179828002E3B8E /* QMChatNotificationCell.m in Sources */,
				8614B8E51B82060000DBB753 /* UIImage+fixOrientation.m in Sources */,
				86104A1E1B0B5E1900464D52 /* ServicesManager.m in Sources */,
				42583AE81D179828002E3B8E /* QMChatCell.m in Sources */,
				42583AE61D179828002E3B8E /* QMChatAttachmentOutgoingCell.m in Sources */,
				4272103F1D23B98500E49442 /* FindingUserViewController.m in Sources */,
				42583AF21D179828002E3B8E /* QMChatCollectionViewFlowLayout.m in Sources */,
				42583AFB1D179828002E3B8E /* QMImageView.m in Sources */,
				42583AF41D179828002E3B8E /* QMChatCollectionView.m in Sources */,
				E0A42AD51CF71211002E1683 /* MPGNotification.m in Sources */,
				42583AFD1D179828002E3B8E /* README.md in Sources */,
				86EE31B31B26EB6700B8A383 /* ChatViewController.m in Sources */,
				42583AD81D179828002E3B8E /* NSString+QM.m in Sources */,
				425839FC1D17120E002E3B8E /* SelectGenderViewController.m in Sources */,
				425839FF1D171EFF002E3B8E /* QMOnlineTitleView.m in Sources */,
				42583AF91D179828002E3B8E /* QMHeaderCollectionReusableView.m in Sources */,
				42583AF11D179828002E3B8E /* QMChatCellLayoutAttributes.m in Sources */,
				42583AEF1D179828002E3B8E /* QMChatOutgoingCell.m in Sources */,
				BFE6FB82180E8EF100E64AC4 /* main.m in Sources */,
				42583AE41D179828002E3B8E /* QMChatAttachmentIncomingCell.m in Sources */,
				42583ADF1D179828002E3B8E /* QMKeyboardController.m in Sources */,
				86872E831BAF55A300BE9F23 /* NotificationService.m in Sources */,
				1402B69D1B14BFBA0069E3A4 /* CornerView.m in Sources */,
				42583ADB1D179828002E3B8E /* UIImage+QM.m in Sources */,
				8614B8DD1B8205D400DBB753 /* UsersDataSource.m in Sources */,
				BFE6FBCE180EA2F300E64AC4 /* DialogsViewController.m in Sources */,
				143181791B1882EC001A933D /* NewDialogTableViewController.m in Sources */,
				1485D5FD1B25E60A00D26B2A /* EditDialogTableViewController.m in Sources */,
				2CC758A51B0F0EB300999187 /* (null) in Sources */,
				86401C0D1B428CEA00D45A05 /* MessageStatusStringBuilder.m in Sources */,
				42583AE01D179828002E3B8E /* QMChatSection.m in Sources */,
				42583AE11D179828002E3B8E /* QMChatSectionManager.m in Sources */,
			);
			runOnlyForDeploymentPostprocessing = 0;
		};
/* End PBXSourcesBuildPhase section */

/* Begin PBXVariantGroup section */
		42583A861D179828002E3B8E /* QMChatViewController.xib */ = {
			isa = PBXVariantGroup;
			children = (
				42583A871D179828002E3B8E /* en */,
			);
			name = QMChatViewController.xib;
			sourceTree = "<group>";
		};
		86A716621B9EF0440019C42A /* LaunchScreen.xib */ = {
			isa = PBXVariantGroup;
			children = (
				86A716631B9EF0440019C42A /* Base */,
			);
			name = LaunchScreen.xib;
			sourceTree = "<group>";
		};
		86A716651B9EF0820019C42A /* InfoPlist.strings */ = {
			isa = PBXVariantGroup;
			children = (
				86A716661B9EF0820019C42A /* Base */,
			);
			name = InfoPlist.strings;
			sourceTree = "<group>";
		};
		BFE6FB87180E8EF100E64AC4 /* Main.storyboard */ = {
			isa = PBXVariantGroup;
			children = (
				BFE6FB88180E8EF100E64AC4 /* Base */,
			);
			name = Main.storyboard;
			sourceTree = "<group>";
		};
/* End PBXVariantGroup section */

/* Begin XCBuildConfiguration section */
		86AB9BA91B57F1B2000C830A /* QA */ = {
			isa = XCBuildConfiguration;
			buildSettings = {
				ALWAYS_SEARCH_USER_PATHS = NO;
				CLANG_CXX_LANGUAGE_STANDARD = "gnu++0x";
				CLANG_CXX_LIBRARY = "libc++";
				CLANG_ENABLE_MODULES = YES;
				CLANG_ENABLE_OBJC_ARC = YES;
				CLANG_WARN_BOOL_CONVERSION = YES;
				CLANG_WARN_CONSTANT_CONVERSION = YES;
				CLANG_WARN_DIRECT_OBJC_ISA_USAGE = YES_ERROR;
				CLANG_WARN_EMPTY_BODY = YES;
				CLANG_WARN_ENUM_CONVERSION = YES;
				CLANG_WARN_INT_CONVERSION = YES;
				CLANG_WARN_OBJC_ROOT_CLASS = YES_ERROR;
				CLANG_WARN__DUPLICATE_METHOD_MATCH = YES;
				CODE_SIGN_IDENTITY = "iPhone Distribution";
				"CODE_SIGN_IDENTITY[sdk=iphoneos*]" = "iPhone Distribution";
				COPY_PHASE_STRIP = YES;
				ENABLE_BITCODE = NO;
				ENABLE_NS_ASSERTIONS = NO;
				GCC_C_LANGUAGE_STANDARD = gnu99;
				GCC_PREPROCESSOR_DEFINITIONS = "QA=1";
				GCC_WARN_64_TO_32_BIT_CONVERSION = YES;
				GCC_WARN_ABOUT_RETURN_TYPE = YES_ERROR;
				GCC_WARN_UNDECLARED_SELECTOR = YES;
				GCC_WARN_UNINITIALIZED_AUTOS = YES;
				GCC_WARN_UNUSED_FUNCTION = YES;
				GCC_WARN_UNUSED_VARIABLE = YES;
				IPHONEOS_DEPLOYMENT_TARGET = 7.0;
				OTHER_CODE_SIGN_FLAGS = "--deep";
				OTHER_LDFLAGS = "$(inherited)";
				PROVISIONING_PROFILE = "024f30fe-d849-4dd9-8458-2f50e715555a";
				SDKROOT = iphoneos;
				VALIDATE_PRODUCT = YES;
			};
			name = QA;
		};
		86AB9BAA1B57F1B2000C830A /* QA */ = {
			isa = XCBuildConfiguration;
			baseConfigurationReference = 0117B3944C08CC6123CE1549 /* Pods.qa.xcconfig */;
			buildSettings = {
				ASSETCATALOG_COMPILER_APPICON_NAME = AppIcon;
				CODE_SIGN_IDENTITY = "iPhone Distribution: Injoit LTD (8885H5G2YX)";
				CODE_SIGN_RESOURCE_RULES_PATH = "$(SDKROOT)/ResourceRules.plist";
				FRAMEWORK_SEARCH_PATHS = (
					"$(inherited)",
					../Framework,
					"$(PROJECT_DIR)/Framework",
				);
				GCC_PRECOMPILE_PREFIX_HEADER = YES;
				GCC_PREFIX_HEADER = "sample-chat/samplechat-Prefix.pch";
				HEADER_SEARCH_PATHS = (
					"$(inherited)",
					"$(SRCROOT)/../services/**",
				);
				INFOPLIST_FILE = "sample-chat/samplechat-Info.plist";
				IPHONEOS_DEPLOYMENT_TARGET = 9.3;
				OTHER_CODE_SIGN_FLAGS = "--deep";
				OTHER_LDFLAGS = "$(inherited)";
				PRODUCT_BUNDLE_IDENTIFIER = com.mghol.chat;
				PRODUCT_NAME = samplechat;
				PROVISIONING_PROFILE = "024f30fe-d849-4dd9-8458-2f50e715555a";
				TARGETED_DEVICE_FAMILY = 1;
				WRAPPER_EXTENSION = app;
			};
			name = QA;
		};
		BFE6FBA5180E8EF100E64AC4 /* Debug */ = {
			isa = XCBuildConfiguration;
			buildSettings = {
				ALWAYS_SEARCH_USER_PATHS = NO;
				CLANG_CXX_LANGUAGE_STANDARD = "gnu++0x";
				CLANG_CXX_LIBRARY = "libc++";
				CLANG_ENABLE_MODULES = YES;
				CLANG_ENABLE_OBJC_ARC = YES;
				CLANG_WARN_BOOL_CONVERSION = YES;
				CLANG_WARN_CONSTANT_CONVERSION = YES;
				CLANG_WARN_DIRECT_OBJC_ISA_USAGE = YES_ERROR;
				CLANG_WARN_EMPTY_BODY = YES;
				CLANG_WARN_ENUM_CONVERSION = YES;
				CLANG_WARN_INT_CONVERSION = YES;
				CLANG_WARN_OBJC_ROOT_CLASS = YES_ERROR;
				CLANG_WARN__DUPLICATE_METHOD_MATCH = YES;
				CODE_SIGN_IDENTITY = "iPhone Developer";
				"CODE_SIGN_IDENTITY[sdk=iphoneos*]" = "iPhone Developer";
				COPY_PHASE_STRIP = NO;
				ENABLE_BITCODE = NO;
				ENABLE_TESTABILITY = YES;
				GCC_C_LANGUAGE_STANDARD = gnu99;
				GCC_DYNAMIC_NO_PIC = NO;
				GCC_OPTIMIZATION_LEVEL = 0;
				GCC_PREPROCESSOR_DEFINITIONS = (
					"DEBUG=1",
					"$(inherited)",
					"DEV=1",
				);
				GCC_SYMBOLS_PRIVATE_EXTERN = NO;
				GCC_WARN_64_TO_32_BIT_CONVERSION = YES;
				GCC_WARN_ABOUT_RETURN_TYPE = YES_ERROR;
				GCC_WARN_UNDECLARED_SELECTOR = YES;
				GCC_WARN_UNINITIALIZED_AUTOS = YES;
				GCC_WARN_UNUSED_FUNCTION = YES;
				GCC_WARN_UNUSED_VARIABLE = YES;
				IPHONEOS_DEPLOYMENT_TARGET = 7.0;
				ONLY_ACTIVE_ARCH = YES;
				OTHER_CODE_SIGN_FLAGS = "--deep";
				OTHER_LDFLAGS = "$(inherited)";
				PROVISIONING_PROFILE = "59353764-8f5b-4697-86ee-8c07ac3ea489";
				SDKROOT = iphoneos;
			};
			name = Debug;
		};
		BFE6FBA6180E8EF100E64AC4 /* Release */ = {
			isa = XCBuildConfiguration;
			buildSettings = {
				ALWAYS_SEARCH_USER_PATHS = NO;
				CLANG_CXX_LANGUAGE_STANDARD = "gnu++0x";
				CLANG_CXX_LIBRARY = "libc++";
				CLANG_ENABLE_MODULES = YES;
				CLANG_ENABLE_OBJC_ARC = YES;
				CLANG_WARN_BOOL_CONVERSION = YES;
				CLANG_WARN_CONSTANT_CONVERSION = YES;
				CLANG_WARN_DIRECT_OBJC_ISA_USAGE = YES_ERROR;
				CLANG_WARN_EMPTY_BODY = YES;
				CLANG_WARN_ENUM_CONVERSION = YES;
				CLANG_WARN_INT_CONVERSION = YES;
				CLANG_WARN_OBJC_ROOT_CLASS = YES_ERROR;
				CLANG_WARN__DUPLICATE_METHOD_MATCH = YES;
				CODE_SIGN_IDENTITY = "iPhone Distribution";
				"CODE_SIGN_IDENTITY[sdk=iphoneos*]" = "iPhone Distribution";
				COPY_PHASE_STRIP = YES;
				ENABLE_BITCODE = NO;
				ENABLE_NS_ASSERTIONS = NO;
				GCC_C_LANGUAGE_STANDARD = gnu99;
				GCC_PREPROCESSOR_DEFINITIONS = "RELEASE=1";
				GCC_WARN_64_TO_32_BIT_CONVERSION = YES;
				GCC_WARN_ABOUT_RETURN_TYPE = YES_ERROR;
				GCC_WARN_UNDECLARED_SELECTOR = YES;
				GCC_WARN_UNINITIALIZED_AUTOS = YES;
				GCC_WARN_UNUSED_FUNCTION = YES;
				GCC_WARN_UNUSED_VARIABLE = YES;
				IPHONEOS_DEPLOYMENT_TARGET = 7.0;
				OTHER_CODE_SIGN_FLAGS = "--deep";
				OTHER_LDFLAGS = "$(inherited)";
				PROVISIONING_PROFILE = "024f30fe-d849-4dd9-8458-2f50e715555a";
				SDKROOT = iphoneos;
				VALIDATE_PRODUCT = YES;
			};
			name = Release;
		};
		BFE6FBA8180E8EF100E64AC4 /* Debug */ = {
			isa = XCBuildConfiguration;
			baseConfigurationReference = B43CCD585A750E9A5DE28F93 /* Pods.debug.xcconfig */;
			buildSettings = {
				ASSETCATALOG_COMPILER_APPICON_NAME = AppIcon;
				CODE_SIGN_IDENTITY = "iPhone Developer";
				CODE_SIGN_RESOURCE_RULES_PATH = "$(SDKROOT)/ResourceRules.plist";
				FRAMEWORK_SEARCH_PATHS = (
					"$(inherited)",
					../Framework,
					"$(PROJECT_DIR)/Framework",
				);
				GCC_PRECOMPILE_PREFIX_HEADER = YES;
				GCC_PREFIX_HEADER = "sample-chat/samplechat-Prefix.pch";
				HEADER_SEARCH_PATHS = (
					"$(inherited)",
					"$(SRCROOT)/../services/**",
				);
				INFOPLIST_FILE = "sample-chat/samplechat-Info.plist";
				IPHONEOS_DEPLOYMENT_TARGET = 9.3;
				OTHER_CODE_SIGN_FLAGS = "--deep";
				OTHER_LDFLAGS = "$(inherited)";
				PRODUCT_BUNDLE_IDENTIFIER = com.mghol.chat;
				PRODUCT_NAME = samplechat;
				PROVISIONING_PROFILE = "";
				TARGETED_DEVICE_FAMILY = 1;
				WRAPPER_EXTENSION = app;
			};
			name = Debug;
		};
		BFE6FBA9180E8EF100E64AC4 /* Release */ = {
			isa = XCBuildConfiguration;
			baseConfigurationReference = 9A97A19D98088D9305E2C86A /* Pods.release.xcconfig */;
			buildSettings = {
				ASSETCATALOG_COMPILER_APPICON_NAME = AppIcon;
				CODE_SIGN_IDENTITY = "iPhone Distribution: Injoit LTD (8885H5G2YX)";
				CODE_SIGN_RESOURCE_RULES_PATH = "$(SDKROOT)/ResourceRules.plist";
				FRAMEWORK_SEARCH_PATHS = (
					"$(inherited)",
					../Framework,
					"$(PROJECT_DIR)/Framework",
				);
				GCC_PRECOMPILE_PREFIX_HEADER = YES;
				GCC_PREFIX_HEADER = "sample-chat/samplechat-Prefix.pch";
				HEADER_SEARCH_PATHS = (
					"$(inherited)",
					"$(SRCROOT)/../services/**",
				);
				INFOPLIST_FILE = "sample-chat/samplechat-Info.plist";
				IPHONEOS_DEPLOYMENT_TARGET = 9.3;
				OTHER_CODE_SIGN_FLAGS = "--deep";
				OTHER_LDFLAGS = "$(inherited)";
				PRODUCT_BUNDLE_IDENTIFIER = com.mghol.chat;
				PRODUCT_NAME = samplechat;
				PROVISIONING_PROFILE = "024f30fe-d849-4dd9-8458-2f50e715555a";
				TARGETED_DEVICE_FAMILY = 1;
				WRAPPER_EXTENSION = app;
			};
			name = Release;
		};
/* End XCBuildConfiguration section */

/* Begin XCConfigurationList section */
		BFE6FB6D180E8EF100E64AC4 /* Build configuration list for PBXProject "samplechat" */ = {
			isa = XCConfigurationList;
			buildConfigurations = (
				BFE6FBA5180E8EF100E64AC4 /* Debug */,
				BFE6FBA6180E8EF100E64AC4 /* Release */,
				86AB9BA91B57F1B2000C830A /* QA */,
			);
			defaultConfigurationIsVisible = 0;
			defaultConfigurationName = Release;
		};
		BFE6FBA7180E8EF100E64AC4 /* Build configuration list for PBXNativeTarget "samplechat" */ = {
			isa = XCConfigurationList;
			buildConfigurations = (
				BFE6FBA8180E8EF100E64AC4 /* Debug */,
				BFE6FBA9180E8EF100E64AC4 /* Release */,
				86AB9BAA1B57F1B2000C830A /* QA */,
			);
			defaultConfigurationIsVisible = 0;
			defaultConfigurationName = Release;
		};
/* End XCConfigurationList section */
	};
	rootObject = BFE6FB6A180E8EF100E64AC4 /* Project object */;
}
